# THIS IS AN AUTOGENERATED FILE. DO NOT EDIT THIS FILE DIRECTLY.
# yarn lockfile v1


"@types/node@*":
  version "13.1.6"
  resolved "https://registry.yarnpkg.com/@types/node/-/node-13.1.6.tgz#076028d0b0400be8105b89a0a55550c86684ffec"
  integrity sha512-Jg1F+bmxcpENHP23sVKkNuU3uaxPnsBMW0cLjleiikFKomJQbsn0Cqk2yDvQArqzZN6ABfBkZ0To7pQ8sLdWDg==

"@types/redis@^2.8.0":
  version "2.8.14"
  resolved "https://registry.yarnpkg.com/@types/redis/-/redis-2.8.14.tgz#2ed46d0f923f7ccd63fbe73a46a1241e606cf716"
  integrity sha512-255dzsOLJdXFHBio9/aMHGozNkoiBUgc+g2nlNjbTSp5qcAlmpm4Z6Xs3pKOBLNIKdZbA2BkUxWvYSIwKra0Yw==
  dependencies:
    "@types/node" "*"

async@2.1.x:
  version "2.1.5"
  resolved "https://registry.yarnpkg.com/async/-/async-2.1.5.tgz#e587c68580994ac67fc56ff86d3ac56bdbe810bc"
  integrity sha1-5YfGhYCZSsZ/xW/4bTrFa9voELw=
  dependencies:
    lodash "^4.14.0"

bindings@*:
  version "1.5.0"
  resolved "https://registry.yarnpkg.com/bindings/-/bindings-1.5.0.tgz#10353c9e945334bc0511a6d90b38fbc7c9c504df"
  integrity sha512-p2q/t/mhvuOj/UeLlV6566GD/guowlr0hHxClI0W9m7MWYkL1F0hLo+0Aexs9HSPCtR1SXQ0TD3MMKrXZajbiQ==
  dependencies:
    file-uri-to-path "1.0.0"

colors@1.1.x:
  version "1.1.2"
  resolved "https://registry.yarnpkg.com/colors/-/colors-1.1.2.tgz#168a4701756b6a7f51a12ce0c97bfa28c084ed63"
  integrity sha1-FopHAXVran9RoSzgyXv6KMCE7WM=

double-ended-queue@^2.1.0-0:
  version "2.1.0-0"
  resolved "https://registry.yarnpkg.com/double-ended-queue/-/double-ended-queue-2.1.0-0.tgz#103d3527fd31528f40188130c841efdd78264e5c"
  integrity sha1-ED01J/0xUo9AGIEwyEHv3XgmTlw=

extend@3.0.x:
  version "3.0.2"
  resolved "https://registry.yarnpkg.com/extend/-/extend-3.0.2.tgz#f8b1136b4071fbd8eb140aff858b1019ec2915fa"
  integrity sha512-fjquC59cD7CyW6urNXK0FBufkZcoiGG80wTuPujX590cB5Ttln20E2UB4S/WARVqhXffZl2LNgS+gQdPIIim/g==

file-uri-to-path@1.0.0:
  version "1.0.0"
  resolved "https://registry.yarnpkg.com/file-uri-to-path/-/file-uri-to-path-1.0.0.tgz#553a7b8446ff6f684359c445f1e37a05dacc33dd"
  integrity sha512-0Zt+s3L7Vf1biwWZ29aARiVYLx7iMGnEUl9x33fbB/j3jR81u/O2LbqK+Bm1CDSNDKVtJ/YjwY7TUd5SkeLQLw==

hiredis@^0.4.1:
  version "0.4.1"
  resolved "https://registry.yarnpkg.com/hiredis/-/hiredis-0.4.1.tgz#aab4dcfd0fc4cbdb219d268005f2335a3c639e8f"
  integrity sha1-qrTc/Q/Ey9shnSaABfIzWjxjno8=
  dependencies:
    bindings "*"
    nan "^2.0.5"

lodash@4.x, lodash@^4.14.0, lodash@^4.17.11, lodash@^4.6.1:
  version "4.17.15"
  resolved "https://registry.yarnpkg.com/lodash/-/lodash-4.17.15.tgz#b447f6670a0455bbfeedd11392eff330ea097548"
  integrity sha512-8xOcRHvCjnocdS5cpwXQXVzmmh5e5+saE2QGoeQmbKmRS6J3VQppPOIt0MnmE+4xlZoumy0GPG0D0MVIQbNA1A==

moment@^2.29.4:
  version "2.29.4"
  resolved "https://registry.yarnpkg.com/moment/-/moment-2.29.4.tgz#3dbe052889fe7c1b2ed966fcb3a77328964ef108"
  integrity sha512-5LC9SOxjSc2HF6vO2CyuTDNivEdoz2IvyJJGj6X8DJ0eFyfszE0QiEd+iXmBvUP3WHxSjFH/vIsA0EN00cgr8w==

mpbasic@0.0.x:
  version "0.0.18"
  resolved "https://registry.yarnpkg.com/mpbasic/-/mpbasic-0.0.18.tgz#f459ba1dc95cca13e5f8003882700d0926a53c00"
  integrity sha1-9Fm6HclcyhPl+AA4gnANCSalPAA=
  dependencies:
    colors "1.1.x"
    extend "3.0.x"
    lodash "4.x"

nan@^2.0.5:
  version "2.14.0"
  resolved "https://registry.yarnpkg.com/nan/-/nan-2.14.0.tgz#7818f722027b2459a86f0295d434d1fc2336c52c"
  integrity sha512-INOFj37C7k3AfaNTtX8RhsTw7qRy7eLET14cROi9+5HAVbbHuIWUHEauBv5qT4Av2tWasiTY1Jw6puUNqRJXQg==

redis-commands@^1.2.0:
  version "1.5.0"
  resolved "https://registry.yarnpkg.com/redis-commands/-/redis-commands-1.5.0.tgz#80d2e20698fe688f227127ff9e5164a7dd17e785"
  integrity sha512-6KxamqpZ468MeQC3bkWmCB1fp56XL64D4Kf0zJSwDZbVLLm7KFkoIcHrgRvQ+sk8dnhySs7+yBg94yIkAK7aJg==

redis-parser@^2.6.0:
  version "2.6.0"
  resolved "https://registry.yarnpkg.com/redis-parser/-/redis-parser-2.6.0.tgz#52ed09dacac108f1a631c07e9b69941e7a19504b"
  integrity sha1-Uu0J2srBCPGmMcB+m2mUHnoZUEs=

redis@^2.5.3, redis@^2.8.0:
  version "2.8.0"
  resolved "https://registry.yarnpkg.com/redis/-/redis-2.8.0.tgz#202288e3f58c49f6079d97af7a10e1303ae14b02"
  integrity sha512-M1OkonEQwtRmZv4tEWF2VgpG0JWJ8Fv1PhlgT5+B+uNq2cA3Rt1Yt/ryoR+vQNOQcIEgdCdfH0jr3bDpihAw1A==
  dependencies:
    double-ended-queue "^2.1.0-0"
    redis-commands "^1.2.0"
    redis-parser "^2.6.0"

rsmq-worker@^0.5.2:
  version "0.5.2"
  resolved "https://registry.yarnpkg.com/rsmq-worker/-/rsmq-worker-0.5.2.tgz#8ec4f9a119d6ec09478bf9c3b5349a63b4ba4f48"
  integrity sha1-jsT5oRnW7AlHi/nDtTSaY7S6T0g=
  dependencies:
    async "2.1.x"
    lodash "4.x"
    mpbasic "0.0.x"
    rsmq "0.7.x"

rsmq@0.7.x:
  version "0.7.2"
  resolved "https://registry.yarnpkg.com/rsmq/-/rsmq-0.7.2.tgz#a0d1ee0058897dc48a2e90802fb664cb27e5c935"
  integrity sha1-oNHuAFiJfcSKLpCAL7ZkyyflyTU=
  dependencies:
    lodash "^4.6.1"
    redis "^2.5.3"
  optionalDependencies:
    hiredis "^0.4.1"

rsmq@^0.11.0:
  version "0.11.0"
  resolved "https://registry.yarnpkg.com/rsmq/-/rsmq-0.11.0.tgz#c8981a5112a6176026233a863ee3f115287608ed"
  integrity sha512-Uo+jQ85T3jbajAwoU7MGyIVRC1ytUDfMV+yjskQzIMEJDLWpcJmw+DlacM3EXwjwD9g4Q2yWdKuGXi8C2V8WIg==
  dependencies:
    "@types/redis" "^2.8.0"
    lodash "^4.17.11"
    redis "^2.8.0"
